// !$*UTF8*$!
{
	archiveVersion = 1;
	classes = {
	};
	objectVersion = 50;
	objects = {

/* Begin PBXBuildFile section */
		BC92575E26A3FD9D009DBAD2 /* OpenFirmwareManager.h in Headers */ = {isa = PBXBuildFile; fileRef = BC92575D26A3FD9D009DBAD2 /* OpenFirmwareManager.h */; };
		BC92576026A3FD9D009DBAD2 /* OpenFirmwareManager.cpp in Sources */ = {isa = PBXBuildFile; fileRef = BC92575F26A3FD9D009DBAD2 /* OpenFirmwareManager.cpp */; };
		BC92576A26A3FDF6009DBAD2 /* zutil.cpp in Sources */ = {isa = PBXBuildFile; fileRef = BC92576826A3FDF6009DBAD2 /* zutil.cpp */; };
		BC92576B26A3FDF6009DBAD2 /* zutil.h in Headers */ = {isa = PBXBuildFile; fileRef = BC92576926A3FDF6009DBAD2 /* zutil.h */; };
		BCDF217D26E6F73F00432442 /* OpenFirmwareManager.h in Resources */ = {isa = PBXBuildFile; fileRef = BC92575D26A3FD9D009DBAD2 /* OpenFirmwareManager.h */; };
/* End PBXBuildFile section */

/* Begin PBXCopyFilesBuildPhase section */
		BCEBDB4F26EBA0A00075E775 /* CopyFiles */ = {
			isa = PBXCopyFilesBuildPhase;
			buildActionMask = 2147483647;
			dstPath = /usr/share/man/man1/;
			dstSubfolderSpec = 0;
			files = (
			);
			runOnlyForDeploymentPostprocessing = 1;
		};
/* End PBXCopyFilesBuildPhase section */

/* Begin PBXFileReference section */
		BC92575A26A3FD9D009DBAD2 /* OpenFirmwareManager.kext */ = {isa = PBXFileReference; explicitFileType = wrapper.cfbundle; includeInIndex = 0; path = OpenFirmwareManager.kext; sourceTree = BUILT_PRODUCTS_DIR; };
		BC92575D26A3FD9D009DBAD2 /* OpenFirmwareManager.h */ = {isa = PBXFileReference; lastKnownFileType = sourcecode.c.h; path = OpenFirmwareManager.h; sourceTree = "<group>"; };
		BC92575F26A3FD9D009DBAD2 /* OpenFirmwareManager.cpp */ = {isa = PBXFileReference; lastKnownFileType = sourcecode.cpp.cpp; path = OpenFirmwareManager.cpp; sourceTree = "<group>"; };
		BC92576126A3FD9D009DBAD2 /* Info.plist */ = {isa = PBXFileReference; lastKnownFileType = text.plist.xml; path = Info.plist; sourceTree = "<group>"; };
		BC92576826A3FDF6009DBAD2 /* zutil.cpp */ = {isa = PBXFileReference; fileEncoding = 4; lastKnownFileType = sourcecode.cpp.cpp; path = zutil.cpp; sourceTree = "<group>"; };
		BC92576926A3FDF6009DBAD2 /* zutil.h */ = {isa = PBXFileReference; fileEncoding = 4; lastKnownFileType = sourcecode.c.h; path = zutil.h; sourceTree = "<group>"; };
		BCAAACE727339790005667DB /* .gitignore */ = {isa = PBXFileReference; lastKnownFileType = text; path = .gitignore; sourceTree = "<group>"; };
		BCDF218026E703A400432442 /* LICENSE */ = {isa = PBXFileReference; fileEncoding = 4; lastKnownFileType = text; path = LICENSE; sourceTree = "<group>"; };
		BCDF218126E703A400432442 /* README.md */ = {isa = PBXFileReference; fileEncoding = 4; lastKnownFileType = net.daringfireball.markdown; path = README.md; sourceTree = "<group>"; };
		BCEBDB5126EBA0A00075E775 /* FirmwareGenerator */ = {isa = PBXFileReference; explicitFileType = "compiled.mach-o.executable"; includeInIndex = 0; path = FirmwareGenerator; sourceTree = BUILT_PRODUCTS_DIR; };
/* End PBXFileReference section */

/* Begin PBXFrameworksBuildPhase section */
		BC92575726A3FD9D009DBAD2 /* Frameworks */ = {
			isa = PBXFrameworksBuildPhase;
			buildActionMask = 2147483647;
			files = (
			);
			runOnlyForDeploymentPostprocessing = 0;
		};
		BCEBDB4E26EBA0A00075E775 /* Frameworks */ = {
			isa = PBXFrameworksBuildPhase;
			buildActionMask = 2147483647;
			files = (
			);
			runOnlyForDeploymentPostprocessing = 0;
		};
/* End PBXFrameworksBuildPhase section */

/* Begin PBXGroup section */
		BC92575026A3FD9D009DBAD2 = {
			isa = PBXGroup;
			children = (
				BC92575C26A3FD9D009DBAD2 /* OpenFirmwareManager */,
				BCDF218026E703A400432442 /* LICENSE */,
				BCDF218126E703A400432442 /* README.md */,
				BCAAACE727339790005667DB /* .gitignore */,
				BC92575B26A3FD9D009DBAD2 /* Products */,
			);
			sourceTree = "<group>";
		};
		BC92575B26A3FD9D009DBAD2 /* Products */ = {
			isa = PBXGroup;
			children = (
				BC92575A26A3FD9D009DBAD2 /* OpenFirmwareManager.kext */,
				BCEBDB5126EBA0A00075E775 /* FirmwareGenerator */,
			);
			name = Products;
			sourceTree = "<group>";
		};
		BC92575C26A3FD9D009DBAD2 /* OpenFirmwareManager */ = {
			isa = PBXGroup;
			children = (
				BC92576926A3FDF6009DBAD2 /* zutil.h */,
				BC92576826A3FDF6009DBAD2 /* zutil.cpp */,
				BC92575D26A3FD9D009DBAD2 /* OpenFirmwareManager.h */,
				BC92575F26A3FD9D009DBAD2 /* OpenFirmwareManager.cpp */,
				BC92576126A3FD9D009DBAD2 /* Info.plist */,
			);
			path = OpenFirmwareManager;
			sourceTree = "<group>";
		};
/* End PBXGroup section */

/* Begin PBXHeadersBuildPhase section */
		BC92575526A3FD9D009DBAD2 /* Headers */ = {
			isa = PBXHeadersBuildPhase;
			buildActionMask = 2147483647;
			files = (
				BC92575E26A3FD9D009DBAD2 /* OpenFirmwareManager.h in Headers */,
				BC92576B26A3FDF6009DBAD2 /* zutil.h in Headers */,
			);
			runOnlyForDeploymentPostprocessing = 0;
		};
/* End PBXHeadersBuildPhase section */

/* Begin PBXNativeTarget section */
		BC92575926A3FD9D009DBAD2 /* OpenFirmwareManager */ = {
			isa = PBXNativeTarget;
			buildConfigurationList = BC92576426A3FD9D009DBAD2 /* Build configuration list for PBXNativeTarget "OpenFirmwareManager" */;
			buildPhases = (
				BC92575526A3FD9D009DBAD2 /* Headers */,
				BC92575626A3FD9D009DBAD2 /* Sources */,
				BC92575726A3FD9D009DBAD2 /* Frameworks */,
				BC92575826A3FD9D009DBAD2 /* Resources */,
			);
			buildRules = (
			);
			dependencies = (
			);
			name = OpenFirmwareManager;
			productName = OpenFirmwareManager;
			productReference = BC92575A26A3FD9D009DBAD2 /* OpenFirmwareManager.kext */;
			productType = "com.apple.product-type.kernel-extension";
		};
		BCEBDB5026EBA0A00075E775 /* FirmwareGenerator */ = {
			isa = PBXNativeTarget;
			buildConfigurationList = BCEBDB5726EBA0A00075E775 /* Build configuration list for PBXNativeTarget "FirmwareGenerator" */;
			buildPhases = (
				BCEBDB4D26EBA0A00075E775 /* Sources */,
				BCEBDB4E26EBA0A00075E775 /* Frameworks */,
				BCEBDB4F26EBA0A00075E775 /* CopyFiles */,
			);
			buildRules = (
			);
			dependencies = (
			);
			name = FirmwareGenerator;
			productName = FirmwareGenerator;
			productReference = BCEBDB5126EBA0A00075E775 /* FirmwareGenerator */;
			productType = "com.apple.product-type.tool";
		};
/* End PBXNativeTarget section */

/* Begin PBXProject section */
		BC92575126A3FD9D009DBAD2 /* Project object */ = {
			isa = PBXProject;
			attributes = {
				LastUpgradeCheck = 1240;
				TargetAttributes = {
					BC92575926A3FD9D009DBAD2 = {
						CreatedOnToolsVersion = 12.4;
					};
					BCEBDB5026EBA0A00075E775 = {
						CreatedOnToolsVersion = 12.5.1;
					};
				};
			};
			buildConfigurationList = BC92575426A3FD9D009DBAD2 /* Build configuration list for PBXProject "OpenFirmwareManager" */;
			compatibilityVersion = "Xcode 9.3";
			developmentRegion = en;
			hasScannedForEncodings = 0;
			knownRegions = (
				en,
				Base,
			);
			mainGroup = BC92575026A3FD9D009DBAD2;
			productRefGroup = BC92575B26A3FD9D009DBAD2 /* Products */;
			projectDirPath = "";
			projectRoot = "";
			targets = (
				BC92575926A3FD9D009DBAD2 /* OpenFirmwareManager */,
				BCEBDB5026EBA0A00075E775 /* FirmwareGenerator */,
			);
		};
/* End PBXProject section */

/* Begin PBXResourcesBuildPhase section */
		BC92575826A3FD9D009DBAD2 /* Resources */ = {
			isa = PBXResourcesBuildPhase;
			buildActionMask = 2147483647;
			files = (
				BCDF217D26E6F73F00432442 /* OpenFirmwareManager.h in Resources */,
			);
			runOnlyForDeploymentPostprocessing = 0;
		};
/* End PBXResourcesBuildPhase section */

/* Begin PBXSourcesBuildPhase section */
		BC92575626A3FD9D009DBAD2 /* Sources */ = {
			isa = PBXSourcesBuildPhase;
			buildActionMask = 2147483647;
			files = (
				BC92576A26A3FDF6009DBAD2 /* zutil.cpp in Sources */,
				BC92576026A3FD9D009DBAD2 /* OpenFirmwareManager.cpp in Sources */,
			);
			runOnlyForDeploymentPostprocessing = 0;
		};
		BCEBDB4D26EBA0A00075E775 /* Sources */ = {
			isa = PBXSourcesBuildPhase;
			buildActionMask = 2147483647;
			files = (
			);
			runOnlyForDeploymentPostprocessing = 0;
		};
/* End PBXSourcesBuildPhase section */

/* Begin XCBuildConfiguration section */
		BC92576226A3FD9D009DBAD2 /* Debug */ = {
			isa = XCBuildConfiguration;
			buildSettings = {
				ALWAYS_SEARCH_USER_PATHS = NO;
				CLANG_ANALYZER_NONNULL = YES;
				CLANG_ANALYZER_NUMBER_OBJECT_CONVERSION = YES_AGGRESSIVE;
				CLANG_CXX_LANGUAGE_STANDARD = "gnu++14";
				CLANG_CXX_LIBRARY = "libc++";
				CLANG_ENABLE_MODULES = YES;
				CLANG_ENABLE_OBJC_ARC = YES;
				CLANG_ENABLE_OBJC_WEAK = YES;
				CLANG_WARN_BLOCK_CAPTURE_AUTORELEASING = YES;
				CLANG_WARN_BOOL_CONVERSION = YES;
				CLANG_WARN_COMMA = YES;
				CLANG_WARN_CONSTANT_CONVERSION = YES;
				CLANG_WARN_DEPRECATED_OBJC_IMPLEMENTATIONS = YES;
				CLANG_WARN_DIRECT_OBJC_ISA_USAGE = YES_ERROR;
				CLANG_WARN_DOCUMENTATION_COMMENTS = YES;
				CLANG_WARN_EMPTY_BODY = YES;
				CLANG_WARN_ENUM_CONVERSION = YES;
				CLANG_WARN_INFINITE_RECURSION = YES;
				CLANG_WARN_INT_CONVERSION = YES;
				CLANG_WARN_NON_LITERAL_NULL_CONVERSION = YES;
				CLANG_WARN_OBJC_IMPLICIT_RETAIN_SELF = YES;
				CLANG_WARN_OBJC_LITERAL_CONVERSION = YES;
				CLANG_WARN_OBJC_ROOT_CLASS = YES_ERROR;
				CLANG_WARN_QUOTED_INCLUDE_IN_FRAMEWORK_HEADER = YES;
				CLANG_WARN_RANGE_LOOP_ANALYSIS = YES;
				CLANG_WARN_STRICT_PROTOTYPES = YES;
				CLANG_WARN_SUSPICIOUS_MOVE = YES;
				CLANG_WARN_UNGUARDED_AVAILABILITY = YES_AGGRESSIVE;
				CLANG_WARN_UNREACHABLE_CODE = YES;
				CLANG_WARN__DUPLICATE_METHOD_MATCH = YES;
				COPY_PHASE_STRIP = NO;
				DEBUG_INFORMATION_FORMAT = dwarf;
				ENABLE_STRICT_OBJC_MSGSEND = YES;
				ENABLE_TESTABILITY = YES;
				GCC_C_LANGUAGE_STANDARD = gnu11;
				GCC_DYNAMIC_NO_PIC = NO;
				GCC_NO_COMMON_BLOCKS = YES;
				GCC_OPTIMIZATION_LEVEL = 0;
				GCC_PREPROCESSOR_DEFINITIONS = (
					"DEBUG=1",
					"$(inherited)",
				);
				GCC_WARN_64_TO_32_BIT_CONVERSION = YES;
				GCC_WARN_ABOUT_RETURN_TYPE = YES_ERROR;
				GCC_WARN_UNDECLARED_SELECTOR = YES;
				GCC_WARN_UNINITIALIZED_AUTOS = YES_AGGRESSIVE;
				GCC_WARN_UNUSED_FUNCTION = YES;
				GCC_WARN_UNUSED_VARIABLE = YES;
				MACOSX_DEPLOYMENT_TARGET = 11.1;
				MTL_ENABLE_DEBUG_INFO = INCLUDE_SOURCE;
				MTL_FAST_MATH = YES;
				ONLY_ACTIVE_ARCH = YES;
				SDKROOT = macosx;
			};
			name = Debug;
		};
		BC92576326A3FD9D009DBAD2 /* Release */ = {
			isa = XCBuildConfiguration;
			buildSettings = {
				ALWAYS_SEARCH_USER_PATHS = NO;
				CLANG_ANALYZER_NONNULL = YES;
				CLANG_ANALYZER_NUMBER_OBJECT_CONVERSION = YES_AGGRESSIVE;
				CLANG_CXX_LANGUAGE_STANDARD = "gnu++14";
				CLANG_CXX_LIBRARY = "libc++";
				CLANG_ENABLE_MODULES = YES;
				CLANG_ENABLE_OBJC_ARC = YES;
				CLANG_ENABLE_OBJC_WEAK = YES;
				CLANG_WARN_BLOCK_CAPTURE_AUTORELEASING = YES;
				CLANG_WARN_BOOL_CONVERSION = YES;
				CLANG_WARN_COMMA = YES;
				CLANG_WARN_CONSTANT_CONVERSION = YES;
				CLANG_WARN_DEPRECATED_OBJC_IMPLEMENTATIONS = YES;
				CLANG_WARN_DIRECT_OBJC_ISA_USAGE = YES_ERROR;
				CLANG_WARN_DOCUMENTATION_COMMENTS = YES;
				CLANG_WARN_EMPTY_BODY = YES;
				CLANG_WARN_ENUM_CONVERSION = YES;
				CLANG_WARN_INFINITE_RECURSION = YES;
				CLANG_WARN_INT_CONVERSION = YES;
				CLANG_WARN_NON_LITERAL_NULL_CONVERSION = YES;
				CLANG_WARN_OBJC_IMPLICIT_RETAIN_SELF = YES;
				CLANG_WARN_OBJC_LITERAL_CONVERSION = YES;
				CLANG_WARN_OBJC_ROOT_CLASS = YES_ERROR;
				CLANG_WARN_QUOTED_INCLUDE_IN_FRAMEWORK_HEADER = YES;
				CLANG_WARN_RANGE_LOOP_ANALYSIS = YES;
				CLANG_WARN_STRICT_PROTOTYPES = YES;
				CLANG_WARN_SUSPICIOUS_MOVE = YES;
				CLANG_WARN_UNGUARDED_AVAILABILITY = YES_AGGRESSIVE;
				CLANG_WARN_UNREACHABLE_CODE = YES;
				CLANG_WARN__DUPLICATE_METHOD_MATCH = YES;
				COPY_PHASE_STRIP = NO;
				DEBUG_INFORMATION_FORMAT = "dwarf-with-dsym";
				ENABLE_NS_ASSERTIONS = NO;
				ENABLE_STRICT_OBJC_MSGSEND = YES;
				GCC_C_LANGUAGE_STANDARD = gnu11;
				GCC_NO_COMMON_BLOCKS = YES;
				GCC_WARN_64_TO_32_BIT_CONVERSION = YES;
				GCC_WARN_ABOUT_RETURN_TYPE = YES_ERROR;
				GCC_WARN_UNDECLARED_SELECTOR = YES;
				GCC_WARN_UNINITIALIZED_AUTOS = YES_AGGRESSIVE;
				GCC_WARN_UNUSED_FUNCTION = YES;
				GCC_WARN_UNUSED_VARIABLE = YES;
				MACOSX_DEPLOYMENT_TARGET = 11.1;
				MTL_ENABLE_DEBUG_INFO = NO;
				MTL_FAST_MATH = YES;
				SDKROOT = macosx;
			};
			name = Release;
		};
		BC92576526A3FD9D009DBAD2 /* Debug */ = {
			isa = XCBuildConfiguration;
			buildSettings = {
				CLANG_WARN_QUOTED_INCLUDE_IN_FRAMEWORK_HEADER = NO;
				CODE_SIGN_STYLE = Automatic;
				COMBINE_HIDPI_IMAGES = YES;
				CURRENT_PROJECT_VERSION = 1.0.0d1;
				INFOPLIST_FILE = OpenFirmwareManager/Info.plist;
				MACOSX_DEPLOYMENT_TARGET = 11.0;
				MODULE_NAME = com.cjiang.OpenFirmwareManager;
				MODULE_VERSION = 1.0.0d1;
				PRODUCT_BUNDLE_IDENTIFIER = com.cjiang.OpenFirmwareManager;
				PRODUCT_NAME = "$(TARGET_NAME)";
				RUN_CLANG_STATIC_ANALYZER = YES;
				WRAPPER_EXTENSION = kext;
			};
			name = Debug;
		};
		BC92576626A3FD9D009DBAD2 /* Release */ = {
			isa = XCBuildConfiguration;
			buildSettings = {
				CLANG_WARN_QUOTED_INCLUDE_IN_FRAMEWORK_HEADER = NO;
				CODE_SIGN_STYLE = Automatic;
				COMBINE_HIDPI_IMAGES = YES;
				CURRENT_PROJECT_VERSION = 1.0.0d1;
				INFOPLIST_FILE = OpenFirmwareManager/Info.plist;
				MACOSX_DEPLOYMENT_TARGET = 11.0;
				MODULE_NAME = com.cjiang.OpenFirmwareManager;
				MODULE_VERSION = 1.0.0d1;
				PRODUCT_BUNDLE_IDENTIFIER = com.cjiang.OpenFirmwareManager;
				PRODUCT_NAME = "$(TARGET_NAME)";
				RUN_CLANG_STATIC_ANALYZER = YES;
				WRAPPER_EXTENSION = kext;
			};
			name = Release;
		};
		BCEBDB5526EBA0A00075E775 /* Debug */ = {
			isa = XCBuildConfiguration;
			buildSettings = {
				CODE_SIGN_STYLE = Automatic;
				MACOSX_DEPLOYMENT_TARGET = 11.3;
				PRODUCT_NAME = "$(TARGET_NAME)";
			};
			name = Debug;
		};
		BCEBDB5626EBA0A00075E775 /* Release */ = {
			isa = XCBuildConfiguration;
			buildSettings = {
				CODE_SIGN_STYLE = Automatic;
				MACOSX_DEPLOYMENT_TARGET = 11.3;
				PRODUCT_NAME = "$(TARGET_NAME)";
			};
			name = Release;
		};
/* End XCBuildConfiguration section */

/* Begin XCConfigurationList section */
		BC92575426A3FD9D009DBAD2 /* Build configuration list for PBXProject "OpenFirmwareManager" */ = {
			isa = XCConfigurationList;
			buildConfigurations = (
				BC92576226A3FD9D009DBAD2 /* Debug */,
				BC92576326A3FD9D009DBAD2 /* Release */,
			);
			defaultConfigurationIsVisible = 0;
			defaultConfigurationName = Release;
		};
		BC92576426A3FD9D009DBAD2 /* Build configuration list for PBXNativeTarget "OpenFirmwareManager" */ = {
			isa = XCConfigurationList;
			buildConfigurations = (
				BC92576526A3FD9D009DBAD2 /* Debug */,
				BC92576626A3FD9D009DBAD2 /* Release */,
			);
			defaultConfigurationIsVisible = 0;
			defaultConfigurationName = Release;
		};
		BCEBDB5726EBA0A00075E775 /* Build configuration list for PBXNativeTarget "FirmwareGenerator" */ = {
			isa = XCConfigurationList;
			buildConfigurations = (
				BCEBDB5526EBA0A00075E775 /* Debug */,
				BCEBDB5626EBA0A00075E775 /* Release */,
			);
			defaultConfigurationIsVisible = 0;
			defaultConfigurationName = Release;
		};
/* End XCConfigurationList section */
	};
	rootObject = BC92575126A3FD9D009DBAD2 /* Project object */;
}
